
Microsoft Visual Studio Solution File, Format Version 12.00
# Visual Studio Version 17
VisualStudioVersion = 17.8.34525.116
MinimumVisualStudioVersion = 10.0.40219.1
Project("{FAE04EC0-301F-11D3-BF4B-00C04F79EFBC}") = "Our.Umbraco.Analyzers", "Our.Umbraco.Analyzers\Our.Umbraco.Analyzers\Our.Umbraco.Analyzers.csproj", "{4DC15B1D-72A8-4839-8892-C8E22561BB0E}"
EndProject
Project("{FAE04EC0-301F-11D3-BF4B-00C04F79EFBC}") = "Our.Umbraco.Analyzers.CodeFixes", "Our.Umbraco.Analyzers\Our.Umbraco.Analyzers.CodeFixes\Our.Umbraco.Analyzers.CodeFixes.csproj", "{938D1BB7-20F2-4038-9F25-12388E753BA6}"
EndProject
Project("{FAE04EC0-301F-11D3-BF4B-00C04F79EFBC}") = "Our.Umbraco.Analyzers.Package", "Our.Umbraco.Analyzers\Our.Umbraco.Analyzers.Package\Our.Umbraco.Analyzers.Package.csproj", "{4C20C929-0E3A-4DB0-BCAC-A67A219A60DB}"
EndProject
Project("{FAE04EC0-301F-11D3-BF4B-00C04F79EFBC}") = "Our.Umbraco.Analyzers.Test", "Our.Umbraco.Analyzers\Our.Umbraco.Analyzers.Test\Our.Umbraco.Analyzers.Test.csproj", "{55FBC4F5-6C25-470E-A073-32D54884EE55}"
EndProject
Project("{FAE04EC0-301F-11D3-BF4B-00C04F79EFBC}") = "Our.Umbraco.Analyzers.Vsix", "Our.Umbraco.Analyzers\Our.Umbraco.Analyzers.Vsix\Our.Umbraco.Analyzers.Vsix.csproj", "{596D6608-0560-46C0-B487-A416B361EF39}"
EndProject
Global
	GlobalSection(SolutionConfigurationPlatforms) = preSolution
		Debug|Any CPU = Debug|Any CPU
		Release|Any CPU = Release|Any CPU
	EndGlobalSection
	GlobalSection(ProjectConfigurationPlatforms) = postSolution
		{4DC15B1D-72A8-4839-8892-C8E22561BB0E}.Debug|Any CPU.ActiveCfg = Debug|Any CPU
		{4DC15B1D-72A8-4839-8892-C8E22561BB0E}.Debug|Any CPU.Build.0 = Debug|Any CPU
		{4DC15B1D-72A8-4839-8892-C8E22561BB0E}.Release|Any CPU.ActiveCfg = Release|Any CPU
		{4DC15B1D-72A8-4839-8892-C8E22561BB0E}.Release|Any CPU.Build.0 = Release|Any CPU
		{938D1BB7-20F2-4038-9F25-12388E753BA6}.Debug|Any CPU.ActiveCfg = Debug|Any CPU
		{938D1BB7-20F2-4038-9F25-12388E753BA6}.Debug|Any CPU.Build.0 = Debug|Any CPU
		{938D1BB7-20F2-4038-9F25-12388E753BA6}.Release|Any CPU.ActiveCfg = Release|Any CPU
		{938D1BB7-20F2-4038-9F25-12388E753BA6}.Release|Any CPU.Build.0 = Release|Any CPU
		{4C20C929-0E3A-4DB0-BCAC-A67A219A60DB}.Debug|Any CPU.ActiveCfg = Debug|Any CPU
		{4C20C929-0E3A-4DB0-BCAC-A67A219A60DB}.Debug|Any CPU.Build.0 = Debug|Any CPU
		{4C20C929-0E3A-4DB0-BCAC-A67A219A60DB}.Release|Any CPU.ActiveCfg = Release|Any CPU
		{4C20C929-0E3A-4DB0-BCAC-A67A219A60DB}.Release|Any CPU.Build.0 = Release|Any CPU
		{55FBC4F5-6C25-470E-A073-32D54884EE55}.Debug|Any CPU.ActiveCfg = Debug|Any CPU
		{55FBC4F5-6C25-470E-A073-32D54884EE55}.Debug|Any CPU.Build.0 = Debug|Any CPU
		{55FBC4F5-6C25-470E-A073-32D54884EE55}.Release|Any CPU.ActiveCfg = Release|Any CPU
		{55FBC4F5-6C25-470E-A073-32D54884EE55}.Release|Any CPU.Build.0 = Release|Any CPU
		{596D6608-0560-46C0-B487-A416B361EF39}.Debug|Any CPU.ActiveCfg = Debug|Any CPU
		{596D6608-0560-46C0-B487-A416B361EF39}.Debug|Any CPU.Build.0 = Debug|Any CPU
		{596D6608-0560-46C0-B487-A416B361EF39}.Release|Any CPU.ActiveCfg = Release|Any CPU
		{596D6608-0560-46C0-B487-A416B361EF39}.Release|Any CPU.Build.0 = Release|Any CPU
	EndGlobalSection
	GlobalSection(SolutionProperties) = preSolution
		HideSolutionNode = FALSE
	EndGlobalSection
	GlobalSection(ExtensibilityGlobals) = postSolution
		SolutionGuid = {3204C1E0-E4BA-42FA-BB50-ACB109B8AA81}
	EndGlobalSection
EndGlobal
