
Microsoft Visual Studio Solution File, Format Version 12.00
# Visual Studio Version 17
VisualStudioVersion = 17.8.34525.116
MinimumVisualStudioVersion = 10.0.40219.1
Project("{9A19103F-16F7-4668-BE54-9A1E7A4F7556}") = "Our.Umbraco.Analyzers", "Our.Umbraco.Analyzers\Our.Umbraco.Analyzers\Our.Umbraco.Analyzers.csproj", "{4DC15B1D-72A8-4839-8892-C8E22561BB0E}"
EndProject
Project("{9A19103F-16F7-4668-BE54-9A1E7A4F7556}") = "Our.Umbraco.Analyzers.Package", "Our.Umbraco.Analyzers\Our.Umbraco.Analyzers.Package\Our.Umbraco.Analyzers.Package.csproj", "{4C20C929-0E3A-4DB0-BCAC-A67A219A60DB}"
EndProject
Project("{9A19103F-16F7-4668-BE54-9A1E7A4F7556}") = "Our.Umbraco.Analyzers.Vsix", "Our.Umbraco.Analyzers\Our.Umbraco.Analyzers.Vsix\Our.Umbraco.Analyzers.Vsix.csproj", "{596D6608-0560-46C0-B487-A416B361EF39}"
EndProject
Global
	GlobalSection(SolutionConfigurationPlatforms) = preSolution
		Debug|Any CPU = Debug|Any CPU
		Release|Any CPU = Release|Any CPU
	EndGlobalSection
	GlobalSection(ProjectConfigurationPlatforms) = postSolution
		{4DC15B1D-72A8-4839-8892-C8E22561BB0E}.Debug|Any CPU.ActiveCfg = Debug|Any CPU
		{4DC15B1D-72A8-4839-8892-C8E22561BB0E}.Debug|Any CPU.Build.0 = Debug|Any CPU
		{4DC15B1D-72A8-4839-8892-C8E22561BB0E}.Release|Any CPU.ActiveCfg = Release|Any CPU
		{4DC15B1D-72A8-4839-8892-C8E22561BB0E}.Release|Any CPU.Build.0 = Release|Any CPU
		{4C20C929-0E3A-4DB0-BCAC-A67A219A60DB}.Debug|Any CPU.ActiveCfg = Debug|Any CPU
		{4C20C929-0E3A-4DB0-BCAC-A67A219A60DB}.Debug|Any CPU.Build.0 = Debug|Any CPU
		{4C20C929-0E3A-4DB0-BCAC-A67A219A60DB}.Release|Any CPU.ActiveCfg = Release|Any CPU
		{4C20C929-0E3A-4DB0-BCAC-A67A219A60DB}.Release|Any CPU.Build.0 = Release|Any CPU
		{596D6608-0560-46C0-B487-A416B361EF39}.Debug|Any CPU.ActiveCfg = Debug|Any CPU
		{596D6608-0560-46C0-B487-A416B361EF39}.Debug|Any CPU.Build.0 = Debug|Any CPU
		{596D6608-0560-46C0-B487-A416B361EF39}.Release|Any CPU.ActiveCfg = Release|Any CPU
		{596D6608-0560-46C0-B487-A416B361EF39}.Release|Any CPU.Build.0 = Release|Any CPU
	EndGlobalSection
	GlobalSection(SolutionProperties) = preSolution
		HideSolutionNode = FALSE
	EndGlobalSection
	GlobalSection(ExtensibilityGlobals) = postSolution
		SolutionGuid = {3204C1E0-E4BA-42FA-BB50-ACB109B8AA81}
	EndGlobalSection
EndGlobal
